// !$*UTF8*$!
{
	archiveVersion = 1;
	classes = {
	};
	objectVersion = 48;
	objects = {

/* Begin PBXAggregateTarget section */
		128548CD2015863700FD0CA4 /* HTUniversalASE */ = {
			isa = PBXAggregateTarget;
			buildConfigurationList = 128548D02015863800FD0CA4 /* Build configuration list for PBXAggregateTarget "HTUniversalASE" */;
			buildPhases = (
				128548D12015863E00FD0CA4 /* ShellScript */,
			);
			dependencies = (
			);
			name = HTUniversalASE;
			productName = HTUniversalASE;
		};
/* End PBXAggregateTarget section */

/* Begin PBXBuildFile section */
		128548D220158C1000FD0CA4 /* HTCustomizedAESencrypt.h in CopyFiles */ = {isa = PBXBuildFile; fileRef = 1D387A61201578A1005E747C /* HTCustomizedAESencrypt.h */; };
		12854920201593F400FD0CA4 /* AESCrypt.h in CopyFiles */ = {isa = PBXBuildFile; fileRef = 1D7733102013B3EE005377C5 /* AESCrypt.h */; };
		1285492A2015996900FD0CA4 /* Foundation.framework in Frameworks */ = {isa = PBXBuildFile; fileRef = 128549292015996900FD0CA4 /* Foundation.framework */; };
		1285492F2015BC2A00FD0CA4 /* libHTAESencrypt.m in Sources */ = {isa = PBXBuildFile; fileRef = 1285492E2015BC2A00FD0CA4 /* libHTAESencrypt.m */; };
		1D7733142013B3EE005377C5 /* NSString+Base64.m in Sources */ = {isa = PBXBuildFile; fileRef = 1D7733092013B3EE005377C5 /* NSString+Base64.m */; };
		1D7733152013B3EE005377C5 /* AESCrypt.m in Sources */ = {isa = PBXBuildFile; fileRef = 1D77330B2013B3EE005377C5 /* AESCrypt.m */; };
		1D7733162013B3EE005377C5 /* NSData+CommonCrypto.m in Sources */ = {isa = PBXBuildFile; fileRef = 1D7733122013B3EE005377C5 /* NSData+CommonCrypto.m */; };
		1D7733172013B3EE005377C5 /* NSData+Base64.m in Sources */ = {isa = PBXBuildFile; fileRef = 1D7733132013B3EE005377C5 /* NSData+Base64.m */; };
/* End PBXBuildFile section */

/* Begin PBXCopyFilesBuildPhase section */
		1D7732FA2013A564005377C5 /* CopyFiles */ = {
			isa = PBXCopyFilesBuildPhase;
			buildActionMask = 2147483647;
			dstPath = "include/$(PRODUCT_NAME)";
			dstSubfolderSpec = 16;
			files = (
				12854920201593F400FD0CA4 /* AESCrypt.h in CopyFiles */,
				128548D220158C1000FD0CA4 /* HTCustomizedAESencrypt.h in CopyFiles */,
			);
			runOnlyForDeploymentPostprocessing = 0;
		};
/* End PBXCopyFilesBuildPhase section */

/* Begin PBXFileReference section */
		128549292015996900FD0CA4 /* Foundation.framework */ = {isa = PBXFileReference; lastKnownFileType = wrapper.framework; name = Foundation.framework; path = System/Library/Frameworks/Foundation.framework; sourceTree = SDKROOT; };
		1285492D2015BC2900FD0CA4 /* libHTAESencrypt.h */ = {isa = PBXFileReference; fileEncoding = 4; lastKnownFileType = sourcecode.c.h; path = libHTAESencrypt.h; sourceTree = "<group>"; };
		1285492E2015BC2A00FD0CA4 /* libHTAESencrypt.m */ = {isa = PBXFileReference; fileEncoding = 4; lastKnownFileType = sourcecode.c.objc; path = libHTAESencrypt.m; sourceTree = "<group>"; };
		1D387A61201578A1005E747C /* HTCustomizedAESencrypt.h */ = {isa = PBXFileReference; lastKnownFileType = sourcecode.c.h; path = HTCustomizedAESencrypt.h; sourceTree = "<group>"; };
		1D7732FC2013A564005377C5 /* liblibHTAESencrypt.a */ = {isa = PBXFileReference; explicitFileType = archive.ar; includeInIndex = 0; path = liblibHTAESencrypt.a; sourceTree = BUILT_PRODUCTS_DIR; };
		1D7733092013B3EE005377C5 /* NSString+Base64.m */ = {isa = PBXFileReference; fileEncoding = 4; lastKnownFileType = sourcecode.c.objc; path = "NSString+Base64.m"; sourceTree = "<group>"; };
		1D77330A2013B3EE005377C5 /* LICENSE */ = {isa = PBXFileReference; fileEncoding = 4; lastKnownFileType = text; path = LICENSE; sourceTree = "<group>"; };
		1D77330B2013B3EE005377C5 /* AESCrypt.m */ = {isa = PBXFileReference; fileEncoding = 4; lastKnownFileType = sourcecode.c.objc; path = AESCrypt.m; sourceTree = "<group>"; };
		1D77330C2013B3EE005377C5 /* NSData+Base64.h */ = {isa = PBXFileReference; fileEncoding = 4; lastKnownFileType = sourcecode.c.h; path = "NSData+Base64.h"; sourceTree = "<group>"; };
		1D77330D2013B3EE005377C5 /* NSData+CommonCrypto.h */ = {isa = PBXFileReference; fileEncoding = 4; lastKnownFileType = sourcecode.c.h; path = "NSData+CommonCrypto.h"; sourceTree = "<group>"; };
		1D77330E2013B3EE005377C5 /* README.md */ = {isa = PBXFileReference; fileEncoding = 4; lastKnownFileType = net.daringfireball.markdown; path = README.md; sourceTree = "<group>"; };
		1D77330F2013B3EE005377C5 /* .gitignore */ = {isa = PBXFileReference; fileEncoding = 4; lastKnownFileType = text; path = .gitignore; sourceTree = "<group>"; };
		1D7733102013B3EE005377C5 /* AESCrypt.h */ = {isa = PBXFileReference; fileEncoding = 4; lastKnownFileType = sourcecode.c.h; path = AESCrypt.h; sourceTree = "<group>"; };
		1D7733112013B3EE005377C5 /* NSString+Base64.h */ = {isa = PBXFileReference; fileEncoding = 4; lastKnownFileType = sourcecode.c.h; path = "NSString+Base64.h"; sourceTree = "<group>"; };
		1D7733122013B3EE005377C5 /* NSData+CommonCrypto.m */ = {isa = PBXFileReference; fileEncoding = 4; lastKnownFileType = sourcecode.c.objc; path = "NSData+CommonCrypto.m"; sourceTree = "<group>"; };
		1D7733132013B3EE005377C5 /* NSData+Base64.m */ = {isa = PBXFileReference; fileEncoding = 4; lastKnownFileType = sourcecode.c.objc; path = "NSData+Base64.m"; sourceTree = "<group>"; };
/* End PBXFileReference section */

/* Begin PBXFrameworksBuildPhase section */
		1D7732F92013A564005377C5 /* Frameworks */ = {
			isa = PBXFrameworksBuildPhase;
			buildActionMask = 2147483647;
			files = (
				1285492A2015996900FD0CA4 /* Foundation.framework in Frameworks */,
			);
			runOnlyForDeploymentPostprocessing = 0;
		};
/* End PBXFrameworksBuildPhase section */

/* Begin PBXGroup section */
		128549282015996900FD0CA4 /* Frameworks */ = {
			isa = PBXGroup;
			children = (
				128549292015996900FD0CA4 /* Foundation.framework */,
			);
			name = Frameworks;
			sourceTree = "<group>";
		};
		1D7732F32013A564005377C5 = {
			isa = PBXGroup;
			children = (
				1D7732FE2013A564005377C5 /* libHTAESencrypt */,
				1D7732FD2013A564005377C5 /* Products */,
				128549282015996900FD0CA4 /* Frameworks */,
			);
			sourceTree = "<group>";
		};
		1D7732FD2013A564005377C5 /* Products */ = {
			isa = PBXGroup;
			children = (
				1D7732FC2013A564005377C5 /* liblibHTAESencrypt.a */,
			);
			name = Products;
			sourceTree = "<group>";
		};
		1D7732FE2013A564005377C5 /* libHTAESencrypt */ = {
			isa = PBXGroup;
			children = (
				1D7733082013B3EE005377C5 /* AESCrypt */,
				1D387A61201578A1005E747C /* HTCustomizedAESencrypt.h */,
			);
			path = libHTAESencrypt;
			sourceTree = "<group>";
		};
		1D7733082013B3EE005377C5 /* AESCrypt */ = {
			isa = PBXGroup;
			children = (
				1285492D2015BC2900FD0CA4 /* libHTAESencrypt.h */,
				1285492E2015BC2A00FD0CA4 /* libHTAESencrypt.m */,
				1D7733092013B3EE005377C5 /* NSString+Base64.m */,
				1D77330A2013B3EE005377C5 /* LICENSE */,
				1D77330B2013B3EE005377C5 /* AESCrypt.m */,
				1D77330C2013B3EE005377C5 /* NSData+Base64.h */,
				1D77330D2013B3EE005377C5 /* NSData+CommonCrypto.h */,
				1D77330E2013B3EE005377C5 /* README.md */,
				1D77330F2013B3EE005377C5 /* .gitignore */,
				1D7733102013B3EE005377C5 /* AESCrypt.h */,
				1D7733112013B3EE005377C5 /* NSString+Base64.h */,
				1D7733122013B3EE005377C5 /* NSData+CommonCrypto.m */,
				1D7733132013B3EE005377C5 /* NSData+Base64.m */,
			);
			path = AESCrypt;
			sourceTree = "<group>";
		};
/* End PBXGroup section */

/* Begin PBXNativeTarget section */
		1D7732FB2013A564005377C5 /* libHTAESencrypt */ = {
			isa = PBXNativeTarget;
			buildConfigurationList = 1D7733052013A564005377C5 /* Build configuration list for PBXNativeTarget "libHTAESencrypt" */;
			buildPhases = (
				1D7732F82013A564005377C5 /* Sources */,
				1D7732F92013A564005377C5 /* Frameworks */,
				1D7732FA2013A564005377C5 /* CopyFiles */,
			);
			buildRules = (
			);
			dependencies = (
			);
			name = libHTAESencrypt;
			productName = libHTAESencrypt;
			productReference = 1D7732FC2013A564005377C5 /* liblibHTAESencrypt.a */;
			productType = "com.apple.product-type.library.static";
		};
/* End PBXNativeTarget section */

/* Begin PBXProject section */
		1D7732F42013A564005377C5 /* Project object */ = {
			isa = PBXProject;
			attributes = {
				LastUpgradeCheck = 0920;
				ORGANIZATIONNAME = yangzhexuxjtu;
				TargetAttributes = {
					128548CD2015863700FD0CA4 = {
						CreatedOnToolsVersion = 9.2;
						ProvisioningStyle = Automatic;
					};
					1D7732FB2013A564005377C5 = {
						CreatedOnToolsVersion = 9.2;
						ProvisioningStyle = Automatic;
					};
				};
			};
			buildConfigurationList = 1D7732F72013A564005377C5 /* Build configuration list for PBXProject "libHTAESencrypt" */;
			compatibilityVersion = "Xcode 8.0";
			developmentRegion = en;
			hasScannedForEncodings = 0;
			knownRegions = (
				en,
			);
			mainGroup = 1D7732F32013A564005377C5;
			productRefGroup = 1D7732FD2013A564005377C5 /* Products */;
			projectDirPath = "";
			projectRoot = "";
			targets = (
				1D7732FB2013A564005377C5 /* libHTAESencrypt */,
				128548CD2015863700FD0CA4 /* HTUniversalASE */,
			);
		};
/* End PBXProject section */

/* Begin PBXShellScriptBuildPhase section */
		128548D12015863E00FD0CA4 /* ShellScript */ = {
			isa = PBXShellScriptBuildPhase;
			buildActionMask = 2147483647;
			files = (
			);
			inputPaths = (
			);
			outputPaths = (
			);
			runOnlyForDeploymentPostprocessing = 0;
			shellPath = /bin/sh;
			shellScript = "# define output folder environment variable\nUNIVERSAL_OUTPUTFOLDER=${BUILD_DIR}/${CONFIGURATION}-universal\n\n# Step 1. Build Device and Simulator versions\nxcodebuild -target ${PROJECT_NAME} ONLY_ACTIVE_ARCH=NO -configuration ${CONFIGURATION} -sdk iphoneos  BUILD_DIR=\"${BUILD_DIR}\" BUILD_ROOT=\"${BUILD_ROOT}\"\nxcodebuild -target ${PROJECT_NAME} -configuration ${CONFIGURATION} -sdk iphonesimulator -arch x86_64 -arch i386 -arch armv7 -arch armv7s -arch arm64 BUILD_DIR=\"${BUILD_DIR}\" BUILD_ROOT=\"${BUILD_ROOT}\"\n\n# make sure the output directory exists\nmkdir -p \"${UNIVERSAL_OUTPUTFOLDER}\"\n\n# Step 2. Create universal binary file using lipo\nlipo -create -output \"${UNIVERSAL_OUTPUTFOLDER}/lib${PROJECT_NAME}.a\" \"${BUILD_DIR}/${CONFIGURATION}-iphoneos/lib${PROJECT_NAME}.a\" \"${BUILD_DIR}/${CONFIGURATION}-iphonesimulator/lib${PROJECT_NAME}.a\"\n\necho \"Universal library can be found here:\"\necho ${UNIVERSAL_OUTPUTFOLDER}/lib${PROJECT_NAME}.a\n\n# Last touch. copy the header files. Just for convenience\ncp -R \"${BUILD_DIR}/${CONFIGURATION}-iphoneos/include\" \"${UNIVERSAL_OUTPUTFOLDER}/\"\n";
		};
/* End PBXShellScriptBuildPhase section */

/* Begin PBXSourcesBuildPhase section */
		1D7732F82013A564005377C5 /* Sources */ = {
			isa = PBXSourcesBuildPhase;
			buildActionMask = 2147483647;
			files = (
				1D7733162013B3EE005377C5 /* NSData+CommonCrypto.m in Sources */,
				1D7733142013B3EE005377C5 /* NSString+Base64.m in Sources */,
				1D7733172013B3EE005377C5 /* NSData+Base64.m in Sources */,
				1D7733152013B3EE005377C5 /* AESCrypt.m in Sources */,
				1285492F2015BC2A00FD0CA4 /* libHTAESencrypt.m in Sources */,
			);
			runOnlyForDeploymentPostprocessing = 0;
		};
/* End PBXSourcesBuildPhase section */

/* Begin XCBuildConfiguration section */
		128548CE2015863800FD0CA4 /* Debug */ = {
			isa = XCBuildConfiguration;
			buildSettings = {
				CODE_SIGN_STYLE = Automatic;
				DEVELOPMENT_TEAM = 339UKLN78L;
				PRODUCT_NAME = "$(TARGET_NAME)";
			};
			name = Debug;
		};
		128548CF2015863800FD0CA4 /* Release */ = {
			isa = XCBuildConfiguration;
			buildSettings = {
				CODE_SIGN_STYLE = Automatic;
				DEVELOPMENT_TEAM = 339UKLN78L;
				PRODUCT_NAME = "$(TARGET_NAME)";
			};
			name = Release;
		};
		1D7733032013A564005377C5 /* Debug */ = {
			isa = XCBuildConfiguration;
			buildSettings = {
				ALWAYS_SEARCH_USER_PATHS = NO;
				CLANG_ANALYZER_NONNULL = YES;
				CLANG_ANALYZER_NUMBER_OBJECT_CONVERSION = YES_AGGRESSIVE;
				CLANG_CXX_LANGUAGE_STANDARD = "gnu++14";
				CLANG_CXX_LIBRARY = "libc++";
				CLANG_ENABLE_MODULES = YES;
				CLANG_ENABLE_OBJC_ARC = YES;
				CLANG_WARN_BLOCK_CAPTURE_AUTORELEASING = YES;
				CLANG_WARN_BOOL_CONVERSION = YES;
				CLANG_WARN_COMMA = YES;
				CLANG_WARN_CONSTANT_CONVERSION = YES;
				CLANG_WARN_DIRECT_OBJC_ISA_USAGE = YES_ERROR;
				CLANG_WARN_DOCUMENTATION_COMMENTS = YES;
				CLANG_WARN_EMPTY_BODY = YES;
				CLANG_WARN_ENUM_CONVERSION = YES;
				CLANG_WARN_INFINITE_RECURSION = YES;
				CLANG_WARN_INT_CONVERSION = YES;
				CLANG_WARN_NON_LITERAL_NULL_CONVERSION = YES;
				CLANG_WARN_OBJC_LITERAL_CONVERSION = YES;
				CLANG_WARN_OBJC_ROOT_CLASS = YES_ERROR;
				CLANG_WARN_RANGE_LOOP_ANALYSIS = YES;
				CLANG_WARN_STRICT_PROTOTYPES = YES;
				CLANG_WARN_SUSPICIOUS_MOVE = YES;
				CLANG_WARN_UNGUARDED_AVAILABILITY = YES_AGGRESSIVE;
				CLANG_WARN_UNREACHABLE_CODE = YES;
				CLANG_WARN__DUPLICATE_METHOD_MATCH = YES;
				CODE_SIGN_IDENTITY = "iPhone Developer";
				COPY_PHASE_STRIP = NO;
				DEBUG_INFORMATION_FORMAT = dwarf;
				ENABLE_STRICT_OBJC_MSGSEND = YES;
				ENABLE_TESTABILITY = YES;
				GCC_C_LANGUAGE_STANDARD = gnu11;
				GCC_DYNAMIC_NO_PIC = NO;
				GCC_NO_COMMON_BLOCKS = YES;
				GCC_OPTIMIZATION_LEVEL = 0;
				GCC_PREPROCESSOR_DEFINITIONS = (
					"DEBUG=1",
					"$(inherited)",
				);
				GCC_WARN_64_TO_32_BIT_CONVERSION = YES;
				GCC_WARN_ABOUT_RETURN_TYPE = YES_ERROR;
				GCC_WARN_UNDECLARED_SELECTOR = YES;
				GCC_WARN_UNINITIALIZED_AUTOS = YES_AGGRESSIVE;
				GCC_WARN_UNUSED_FUNCTION = YES;
				GCC_WARN_UNUSED_VARIABLE = YES;
				IPHONEOS_DEPLOYMENT_TARGET = 11.2;
				MTL_ENABLE_DEBUG_INFO = YES;
				ONLY_ACTIVE_ARCH = YES;
				PRODUCT_NAME = "";
				PUBLIC_HEADERS_FOLDER_PATH = "$(PROJECT_DIR)/$(PROJECT_NAME)";
				SDKROOT = iphoneos;
			};
			name = Debug;
		};
		1D7733042013A564005377C5 /* Release */ = {
			isa = XCBuildConfiguration;
			buildSettings = {
				ALWAYS_SEARCH_USER_PATHS = NO;
				CLANG_ANALYZER_NONNULL = YES;
				CLANG_ANALYZER_NUMBER_OBJECT_CONVERSION = YES_AGGRESSIVE;
				CLANG_CXX_LANGUAGE_STANDARD = "gnu++14";
				CLANG_CXX_LIBRARY = "libc++";
				CLANG_ENABLE_MODULES = YES;
				CLANG_ENABLE_OBJC_ARC = YES;
				CLANG_WARN_BLOCK_CAPTURE_AUTORELEASING = YES;
				CLANG_WARN_BOOL_CONVERSION = YES;
				CLANG_WARN_COMMA = YES;
				CLANG_WARN_CONSTANT_CONVERSION = YES;
				CLANG_WARN_DIRECT_OBJC_ISA_USAGE = YES_ERROR;
				CLANG_WARN_DOCUMENTATION_COMMENTS = YES;
				CLANG_WARN_EMPTY_BODY = YES;
				CLANG_WARN_ENUM_CONVERSION = YES;
				CLANG_WARN_INFINITE_RECURSION = YES;
				CLANG_WARN_INT_CONVERSION = YES;
				CLANG_WARN_NON_LITERAL_NULL_CONVERSION = YES;
				CLANG_WARN_OBJC_LITERAL_CONVERSION = YES;
				CLANG_WARN_OBJC_ROOT_CLASS = YES_ERROR;
				CLANG_WARN_RANGE_LOOP_ANALYSIS = YES;
				CLANG_WARN_STRICT_PROTOTYPES = YES;
				CLANG_WARN_SUSPICIOUS_MOVE = YES;
				CLANG_WARN_UNGUARDED_AVAILABILITY = YES_AGGRESSIVE;
				CLANG_WARN_UNREACHABLE_CODE = YES;
				CLANG_WARN__DUPLICATE_METHOD_MATCH = YES;
				CODE_SIGN_IDENTITY = "iPhone Developer";
				COPY_PHASE_STRIP = NO;
				DEBUG_INFORMATION_FORMAT = "dwarf-with-dsym";
				ENABLE_NS_ASSERTIONS = NO;
				ENABLE_STRICT_OBJC_MSGSEND = YES;
				GCC_C_LANGUAGE_STANDARD = gnu11;
				GCC_NO_COMMON_BLOCKS = YES;
				GCC_WARN_64_TO_32_BIT_CONVERSION = YES;
				GCC_WARN_ABOUT_RETURN_TYPE = YES_ERROR;
				GCC_WARN_UNDECLARED_SELECTOR = YES;
				GCC_WARN_UNINITIALIZED_AUTOS = YES_AGGRESSIVE;
				GCC_WARN_UNUSED_FUNCTION = YES;
				GCC_WARN_UNUSED_VARIABLE = YES;
				IPHONEOS_DEPLOYMENT_TARGET = 11.2;
				MTL_ENABLE_DEBUG_INFO = NO;
				PRODUCT_NAME = "";
				PUBLIC_HEADERS_FOLDER_PATH = "$(PROJECT_DIR)/$(PROJECT_NAME)";
				SDKROOT = iphoneos;
				VALIDATE_PRODUCT = YES;
			};
			name = Release;
		};
		1D7733062013A564005377C5 /* Debug */ = {
			isa = XCBuildConfiguration;
			buildSettings = {
				CODE_SIGN_STYLE = Automatic;
				DEVELOPMENT_TEAM = 339UKLN78L;
				OTHER_LDFLAGS = "-ObjC";
				PRODUCT_NAME = "$(TARGET_NAME)";
				SKIP_INSTALL = YES;
				TARGETED_DEVICE_FAMILY = "1,2";
			};
			name = Debug;
		};
		1D7733072013A564005377C5 /* Release */ = {
			isa = XCBuildConfiguration;
			buildSettings = {
				CODE_SIGN_STYLE = Automatic;
				DEVELOPMENT_TEAM = 339UKLN78L;
				OTHER_LDFLAGS = "-ObjC";
				PRODUCT_NAME = "$(TARGET_NAME)";
				SKIP_INSTALL = YES;
				TARGETED_DEVICE_FAMILY = "1,2";
			};
			name = Release;
		};
/* End XCBuildConfiguration section */

/* Begin XCConfigurationList section */
		128548D02015863800FD0CA4 /* Build configuration list for PBXAggregateTarget "HTUniversalASE" */ = {
			isa = XCConfigurationList;
			buildConfigurations = (
				128548CE2015863800FD0CA4 /* Debug */,
				128548CF2015863800FD0CA4 /* Release */,
			);
			defaultConfigurationIsVisible = 0;
			defaultConfigurationName = Release;
		};
		1D7732F72013A564005377C5 /* Build configuration list for PBXProject "libHTAESencrypt" */ = {
			isa = XCConfigurationList;
			buildConfigurations = (
				1D7733032013A564005377C5 /* Debug */,
				1D7733042013A564005377C5 /* Release */,
			);
			defaultConfigurationIsVisible = 0;
			defaultConfigurationName = Release;
		};
		1D7733052013A564005377C5 /* Build configuration list for PBXNativeTarget "libHTAESencrypt" */ = {
			isa = XCConfigurationList;
			buildConfigurations = (
				1D7733062013A564005377C5 /* Debug */,
				1D7733072013A564005377C5 /* Release */,
			);
			defaultConfigurationIsVisible = 0;
			defaultConfigurationName = Release;
		};
/* End XCConfigurationList section */
	};
	rootObject = 1D7732F42013A564005377C5 /* Project object */;
}
